
Microsoft Visual Studio Solution File, Format Version 12.00
# Visual Studio Version 17
VisualStudioVersion = 17.6.33712.159
MinimumVisualStudioVersion = 10.0.40219.1
Project("{FAE04EC0-301F-11D3-BF4B-00C04F79EFBC}") = "ConsoleApp6", "ConsoleApp6\ConsoleApp6.csproj", "{36CA7223-83AC-48F1-A268-412F3A6A9416}"
EndProject
Global
	GlobalSection(SolutionConfigurationPlatforms) = preSolution
		Debug|Any CPU = Debug|Any CPU
		Release|Any CPU = Release|Any CPU
	EndGlobalSection
	GlobalSection(ProjectConfigurationPlatforms) = postSolution
		{36CA7223-83AC-48F1-A268-412F3A6A9416}.Debug|Any CPU.ActiveCfg = Debug|Any CPU
		{36CA7223-83AC-48F1-A268-412F3A6A9416}.Debug|Any CPU.Build.0 = Debug|Any CPU
		{36CA7223-83AC-48F1-A268-412F3A6A9416}.Release|Any CPU.ActiveCfg = Release|Any CPU
		{36CA7223-83AC-48F1-A268-412F3A6A9416}.Release|Any CPU.Build.0 = Release|Any CPU
	EndGlobalSection
	GlobalSection(SolutionProperties) = preSolution
		HideSolutionNode = FALSE
	EndGlobalSection
	GlobalSection(ExtensibilityGlobals) = postSolution
		SolutionGuid = {0AB861C2-FACF-417A-8EFA-C096CECE41B6}
	EndGlobalSection
EndGlobal
